
Microsoft Visual Studio Solution File, Format Version 12.00
# Visual Studio Version 16
VisualStudioVersion = 16.0.29709.97
MinimumVisualStudioVersion = 10.0.40219.1
Project("{FAE04EC0-301F-11D3-BF4B-00C04F79EFBC}") = "TastyAndHealthy", "TastyAndHealthy\TastyAndHealthy.csproj", "{8796B98B-BA18-4CFF-9A02-32FE31924710}"
EndProject
Global
	GlobalSection(SolutionConfigurationPlatforms) = preSolution
		Debug|Any CPU = Debug|Any CPU
		Release|Any CPU = Release|Any CPU
	EndGlobalSection
	GlobalSection(ProjectConfigurationPlatforms) = postSolution
		{8796B98B-BA18-4CFF-9A02-32FE31924710}.Debug|Any CPU.ActiveCfg = Debug|Any CPU
		{8796B98B-BA18-4CFF-9A02-32FE31924710}.Debug|Any CPU.Build.0 = Debug|Any CPU
		{8796B98B-BA18-4CFF-9A02-32FE31924710}.Release|Any CPU.ActiveCfg = Release|Any CPU
		{8796B98B-BA18-4CFF-9A02-32FE31924710}.Release|Any CPU.Build.0 = Release|Any CPU
	EndGlobalSection
	GlobalSection(SolutionProperties) = preSolution
		HideSolutionNode = FALSE
	EndGlobalSection
	GlobalSection(ExtensibilityGlobals) = postSolution
		SolutionGuid = {D378B398-7285-47D5-8457-8FA052B43367}
	EndGlobalSection
EndGlobal
